
Microsoft Visual Studio Solution File, Format Version 12.00
# Visual Studio Version 17
VisualStudioVersion = 17.10.35027.167
MinimumVisualStudioVersion = 10.0.40219.1
Project("{FAE04EC0-301F-11D3-BF4B-00C04F79EFBC}") = "ATS.API", "ATS.API\ATS.API.csproj", "{33B910AE-050F-4875-9214-D9A8F44EAFFD}"
EndProject
Project("{FAE04EC0-301F-11D3-BF4B-00C04F79EFBC}") = "ATS.Data", "ATS.Data\ATS.Data.csproj", "{37F669A8-0FCE-4296-AB3B-080CE889C867}"
EndProject
Project("{FAE04EC0-301F-11D3-BF4B-00C04F79EFBC}") = "ATS.Model", "ATS.Model\ATS.Model.csproj", "{A4400BF5-1B22-4EB5-BC4C-EF99A20CC7B3}"
EndProject
Project("{FAE04EC0-301F-11D3-BF4B-00C04F79EFBC}") = "ATS.IRepository", "ATS.IRepository\ATS.IRepository.csproj", "{E1E5AF37-C434-48F8-97ED-842624510308}"
EndProject
Project("{FAE04EC0-301F-11D3-BF4B-00C04F79EFBC}") = "ATS.Repository", "ATS.Repository\ATS.Repository.csproj", "{BE8D5FF0-4148-4394-A0E5-483F57BCBA24}"
EndProject
Project("{FAE04EC0-301F-11D3-BF4B-00C04F79EFBC}") = "ATS.IServices", "ATS.IServices\ATS.IServices.csproj", "{FFAE7503-1873-484B-B87F-9EB60212BD40}"
EndProject
Project("{FAE04EC0-301F-11D3-BF4B-00C04F79EFBC}") = "ATS.Services", "ATS.Services\ATS.Services.csproj", "{C9B866B0-F44F-4C59-A77E-262553931A54}"
EndProject
Project("{FAE04EC0-301F-11D3-BF4B-00C04F79EFBC}") = "ATS.DTO", "ATS.DTO\ATS.DTO.csproj", "{4A66914A-2FAE-4682-88F4-1E4F59498C1F}"
EndProject
Global
	GlobalSection(SolutionConfigurationPlatforms) = preSolution
		Debug|Any CPU = Debug|Any CPU
		Release|Any CPU = Release|Any CPU
	EndGlobalSection
	GlobalSection(ProjectConfigurationPlatforms) = postSolution
		{33B910AE-050F-4875-9214-D9A8F44EAFFD}.Debug|Any CPU.ActiveCfg = Debug|Any CPU
		{33B910AE-050F-4875-9214-D9A8F44EAFFD}.Debug|Any CPU.Build.0 = Debug|Any CPU
		{33B910AE-050F-4875-9214-D9A8F44EAFFD}.Release|Any CPU.ActiveCfg = Release|Any CPU
		{33B910AE-050F-4875-9214-D9A8F44EAFFD}.Release|Any CPU.Build.0 = Release|Any CPU
		{37F669A8-0FCE-4296-AB3B-080CE889C867}.Debug|Any CPU.ActiveCfg = Debug|Any CPU
		{37F669A8-0FCE-4296-AB3B-080CE889C867}.Debug|Any CPU.Build.0 = Debug|Any CPU
		{37F669A8-0FCE-4296-AB3B-080CE889C867}.Release|Any CPU.ActiveCfg = Release|Any CPU
		{37F669A8-0FCE-4296-AB3B-080CE889C867}.Release|Any CPU.Build.0 = Release|Any CPU
		{A4400BF5-1B22-4EB5-BC4C-EF99A20CC7B3}.Debug|Any CPU.ActiveCfg = Debug|Any CPU
		{A4400BF5-1B22-4EB5-BC4C-EF99A20CC7B3}.Debug|Any CPU.Build.0 = Debug|Any CPU
		{A4400BF5-1B22-4EB5-BC4C-EF99A20CC7B3}.Release|Any CPU.ActiveCfg = Release|Any CPU
		{A4400BF5-1B22-4EB5-BC4C-EF99A20CC7B3}.Release|Any CPU.Build.0 = Release|Any CPU
		{E1E5AF37-C434-48F8-97ED-842624510308}.Debug|Any CPU.ActiveCfg = Debug|Any CPU
		{E1E5AF37-C434-48F8-97ED-842624510308}.Debug|Any CPU.Build.0 = Debug|Any CPU
		{E1E5AF37-C434-48F8-97ED-842624510308}.Release|Any CPU.ActiveCfg = Release|Any CPU
		{E1E5AF37-C434-48F8-97ED-842624510308}.Release|Any CPU.Build.0 = Release|Any CPU
		{BE8D5FF0-4148-4394-A0E5-483F57BCBA24}.Debug|Any CPU.ActiveCfg = Debug|Any CPU
		{BE8D5FF0-4148-4394-A0E5-483F57BCBA24}.Debug|Any CPU.Build.0 = Debug|Any CPU
		{BE8D5FF0-4148-4394-A0E5-483F57BCBA24}.Release|Any CPU.ActiveCfg = Release|Any CPU
		{BE8D5FF0-4148-4394-A0E5-483F57BCBA24}.Release|Any CPU.Build.0 = Release|Any CPU
		{FFAE7503-1873-484B-B87F-9EB60212BD40}.Debug|Any CPU.ActiveCfg = Debug|Any CPU
		{FFAE7503-1873-484B-B87F-9EB60212BD40}.Debug|Any CPU.Build.0 = Debug|Any CPU
		{FFAE7503-1873-484B-B87F-9EB60212BD40}.Release|Any CPU.ActiveCfg = Release|Any CPU
		{FFAE7503-1873-484B-B87F-9EB60212BD40}.Release|Any CPU.Build.0 = Release|Any CPU
		{C9B866B0-F44F-4C59-A77E-262553931A54}.Debug|Any CPU.ActiveCfg = Debug|Any CPU
		{C9B866B0-F44F-4C59-A77E-262553931A54}.Debug|Any CPU.Build.0 = Debug|Any CPU
		{C9B866B0-F44F-4C59-A77E-262553931A54}.Release|Any CPU.ActiveCfg = Release|Any CPU
		{C9B866B0-F44F-4C59-A77E-262553931A54}.Release|Any CPU.Build.0 = Release|Any CPU
		{4A66914A-2FAE-4682-88F4-1E4F59498C1F}.Debug|Any CPU.ActiveCfg = Debug|Any CPU
		{4A66914A-2FAE-4682-88F4-1E4F59498C1F}.Debug|Any CPU.Build.0 = Debug|Any CPU
		{4A66914A-2FAE-4682-88F4-1E4F59498C1F}.Release|Any CPU.ActiveCfg = Release|Any CPU
		{4A66914A-2FAE-4682-88F4-1E4F59498C1F}.Release|Any CPU.Build.0 = Release|Any CPU
	EndGlobalSection
	GlobalSection(SolutionProperties) = preSolution
		HideSolutionNode = FALSE
	EndGlobalSection
	GlobalSection(ExtensibilityGlobals) = postSolution
		SolutionGuid = {48C40401-610B-426A-951C-47D6EA1F510B}
	EndGlobalSection
EndGlobal
